
Microsoft Visual Studio Solution File, Format Version 12.00
# Visual Studio Version 17
VisualStudioVersion = 17.14.36310.24 d17.14
MinimumVisualStudioVersion = 10.0.40219.1
Project("{FAE04EC0-301F-11D3-BF4B-00C04F79EFBC}") = "ConsoleAppFDETycoons", "ConsoleAppFDETycoons\ConsoleAppFDETycoons.csproj", "{B777F2F9-F4F9-4FE8-B7C2-2632980AC50B}"
EndProject
Global
	GlobalSection(SolutionConfigurationPlatforms) = preSolution
		Debug|Any CPU = Debug|Any CPU
		Release|Any CPU = Release|Any CPU
	EndGlobalSection
	GlobalSection(ProjectConfigurationPlatforms) = postSolution
		{B777F2F9-F4F9-4FE8-B7C2-2632980AC50B}.Debug|Any CPU.ActiveCfg = Debug|Any CPU
		{B777F2F9-F4F9-4FE8-B7C2-2632980AC50B}.Debug|Any CPU.Build.0 = Debug|Any CPU
		{B777F2F9-F4F9-4FE8-B7C2-2632980AC50B}.Release|Any CPU.ActiveCfg = Release|Any CPU
		{B777F2F9-F4F9-4FE8-B7C2-2632980AC50B}.Release|Any CPU.Build.0 = Release|Any CPU
	EndGlobalSection
	GlobalSection(SolutionProperties) = preSolution
		HideSolutionNode = FALSE
	EndGlobalSection
	GlobalSection(ExtensibilityGlobals) = postSolution
		SolutionGuid = {ED08AE64-4925-4231-A23D-BB91FEAEF76F}
	EndGlobalSection
EndGlobal
